{
  "version": 4,
  "terraform_version": "1.2.5",
  "serial": 447,
  "lineage": "8d765bb1-061a-ee3f-d8be-b7d4b8533999",
  "outputs": {},
  "resources": [
    {
      "mode": "managed",
      "type": "google_compute_network",
      "name": "vpc",
      "provider": "provider[\"registry.terraform.io/hashicorp/google\"]",
      "instances": [
        {
          "schema_version": 0,
          "attributes": {
            "auto_create_subnetworks": false,
            "delete_default_routes_on_create": false,
            "description": "",
            "enable_ula_internal_ipv6": false,
            "gateway_ipv4": "",
            "id": "projects/warm-pixel-375711/global/networks/terraform-vpc",
            "internal_ipv6_range": "",
            "mtu": 0,
            "name": "terraform-vpc",
            "project": "warm-pixel-375711",
            "routing_mode": "REGIONAL",
            "self_link": "https://www.googleapis.com/compute/v1/projects/warm-pixel-375711/global/networks/terraform-vpc",
            "timeouts": null
          },
          "sensitive_attributes": [],
          "private": "eyJlMmJmYjczMC1lY2FhLTExZTYtOGY4OC0zNDM2M2JjN2M0YzAiOnsiY3JlYXRlIjoxMjAwMDAwMDAwMDAwLCJkZWxldGUiOjEyMDAwMDAwMDAwMDAsInVwZGF0ZSI6MTIwMDAwMDAwMDAwMH19"
        }
      ]
    },
    {
      "mode": "managed",
      "type": "google_compute_subnetwork",
      "name": "restricted-subnet",
      "provider": "provider[\"registry.terraform.io/hashicorp/google\"]",
      "instances": [
        {
          "schema_version": 0,
          "attributes": {
            "creation_timestamp": "2023-02-07T02:32:16.672-08:00",
            "description": "",
            "external_ipv6_prefix": "",
            "fingerprint": null,
            "gateway_address": "10.0.0.1",
            "id": "projects/warm-pixel-375711/regions/us-central1/subnetworks/restricted-subnet",
            "ip_cidr_range": "10.0.0.0/18",
            "ipv6_access_type": "",
            "ipv6_cidr_range": "",
            "log_config": [],
            "name": "restricted-subnet",
            "network": "https://www.googleapis.com/compute/v1/projects/warm-pixel-375711/global/networks/terraform-vpc",
            "private_ip_google_access": true,
            "private_ipv6_google_access": "DISABLE_GOOGLE_ACCESS",
            "project": "warm-pixel-375711",
            "purpose": "PRIVATE",
            "region": "us-central1",
            "role": "",
            "secondary_ip_range": [
              {
                "ip_cidr_range": "10.48.0.0/14",
                "range_name": "k8s-pod-range"
              },
              {
                "ip_cidr_range": "10.52.0.0/20",
                "range_name": "k8s-service-range"
              }
            ],
            "self_link": "https://www.googleapis.com/compute/v1/projects/warm-pixel-375711/regions/us-central1/subnetworks/restricted-subnet",
            "stack_type": "IPV4_ONLY",
            "timeouts": null
          },
          "sensitive_attributes": [],
          "private": "eyJlMmJmYjczMC1lY2FhLTExZTYtOGY4OC0zNDM2M2JjN2M0YzAiOnsiY3JlYXRlIjoxMjAwMDAwMDAwMDAwLCJkZWxldGUiOjEyMDAwMDAwMDAwMDAsInVwZGF0ZSI6MTIwMDAwMDAwMDAwMH19",
          "dependencies": [
            "google_compute_network.vpc"
          ]
        }
      ]
    },
    {
      "mode": "managed",
      "type": "google_container_cluster",
      "name": "private-cluster",
      "provider": "provider[\"registry.terraform.io/hashicorp/google\"]",
      "instances": [
        {
          "schema_version": 1,
          "attributes": {
            "addons_config": [
              {
                "cloudrun_config": [],
                "config_connector_config": [],
                "dns_cache_config": [],
                "gce_persistent_disk_csi_driver_config": [
                  {
                    "enabled": true
                  }
                ],
                "gcp_filestore_csi_driver_config": [],
                "gke_backup_agent_config": [],
                "horizontal_pod_autoscaling": [],
                "http_load_balancing": [
                  {
                    "disabled": true
                  }
                ],
                "network_policy_config": [
                  {
                    "disabled": true
                  }
                ]
              }
            ],
            "authenticator_groups_config": [],
            "binary_authorization": [
              {
                "enabled": false,
                "evaluation_mode": ""
              }
            ],
            "cluster_autoscaling": [
              {
                "auto_provisioning_defaults": [],
                "enabled": false,
                "resource_limits": []
              }
            ],
            "cluster_ipv4_cidr": "10.48.0.0/14",
            "confidential_nodes": [],
            "cost_management_config": [],
            "database_encryption": [
              {
                "key_name": "",
                "state": "DECRYPTED"
              }
            ],
            "datapath_provider": "",
            "default_max_pods_per_node": 110,
            "default_snat_status": [
              {
                "disabled": false
              }
            ],
            "description": "",
            "dns_config": [],
            "enable_autopilot": false,
            "enable_binary_authorization": false,
            "enable_intranode_visibility": false,
            "enable_kubernetes_alpha": false,
            "enable_l4_ilb_subsetting": false,
            "enable_legacy_abac": false,
            "enable_shielded_nodes": true,
            "enable_tpu": false,
            "endpoint": "172.16.0.2",
            "gateway_api_config": [],
            "id": "projects/warm-pixel-375711/locations/us-central1-a/clusters/terraform-private-cluster",
            "initial_node_count": 1,
            "ip_allocation_policy": [
              {
                "cluster_ipv4_cidr_block": "10.48.0.0/14",
                "cluster_secondary_range_name": "k8s-pod-range",
                "services_ipv4_cidr_block": "10.52.0.0/20",
                "services_secondary_range_name": "k8s-service-range"
              }
            ],
            "label_fingerprint": "a9dc16a7",
            "location": "us-central1-a",
            "logging_config": [
              {
                "enable_components": [
                  "SYSTEM_COMPONENTS",
                  "WORKLOADS"
                ]
              }
            ],
            "logging_service": "logging.googleapis.com/kubernetes",
            "maintenance_policy": [],
            "master_auth": [
              {
                "client_certificate": "",
                "client_certificate_config": [
                  {
                    "issue_client_certificate": false
                  }
                ],
                "client_key": "",
                "cluster_ca_certificate": "LS0tLS1CRUdJTiBDRVJUSUZJQ0FURS0tLS0tCk1JSUVMRENDQXBTZ0F3SUJBZ0lRTmd1TkhmRnEzdWJOODcvK2w5VmhyVEFOQmdrcWhraUc5dzBCQVFzRkFEQXYKTVMwd0t3WURWUVFERXlRMll6azROV0ZrWVMwNU5UVXdMVFEyTkRrdFltUmtOQzB4WXpreFpETmxZbVl6WldVdwpJQmNOTWpNd01qQTNNRGsxTXpBeFdoZ1BNakExTXpBeE16QXhNRFV6TURGYU1DOHhMVEFyQmdOVkJBTVRKRFpqCk9UZzFZV1JoTFRrMU5UQXRORFkwT1MxaVpHUTBMVEZqT1RGa00yVmlaak5sWlRDQ0FhSXdEUVlKS29aSWh2Y04KQVFFQkJRQURnZ0dQQURDQ0FZb0NnZ0dCQUtaWkc0RzFvbjFWYmY3Z1BOOEdnVmVOQkI3VDRNWEVXQ1djUFFsSwpSTVorZ0NsQ0MrNTNUNXJiNVNDcU1SVDhpazEwWURUUEhPZ0I2OXZ6eXgxeThqc3RRdlpJdGtVVlI0OGhiZE1zCllPak5FS2gzQjBoRnR4NDdrRloxRzNFWjd2cFEzK05uWVhEcWNCZk4zaFMyOWZUZHhpYWd1SVR4a2tteHk2eloKelA5Wnh0cG5wd29YSis5eGhnZ3J5OXlibUtIMW8yRGNBTllNeGNNQmlNMmJzUi9aOWplM0FjbCtxWDB5aWJZRQozT0ZQekQvZjJ2OXdwc2YvRzNNT0o4RzlnTjJqWHQxK2pTQkxrOFJPQTR4MFRzWDEwQmg3ZnF0ZE5TR2VlR2RtCm43T2pYNGhGZE40VjhvNituanBTdWhUV3dYTWhIbFZZREprKy9PdG5WSHlrMUFCcUR2MGtST3NBaTM0TFJsTFcKMU5PSCs3eHJkRFgvblMyVHpTYUs2MkJMaFN4Y1ZkbW5ES3BuaEU1YU1tZGd5c3lLYk04OEZxaWZUdDdQaGJGNwpQM1JDTy8wamc0dkV2UCtmeEJVSm1XakhwNlZNTFViNGdEUEt1a0UyRGErSS9HSnBrWWpPWDJRM2JORDhBN0xPCjJPNkZJYTVkOFNFY09mNG81cXF5SkVpZWRRSURBUUFCbzBJd1FEQU9CZ05WSFE4QkFmOEVCQU1DQWdRd0R3WUQKVlIwVEFRSC9CQVV3QXdFQi96QWRCZ05WSFE0RUZnUVVDa25JRk9FN2FHYVFuRTlyRzY2RjVCL3FlVjR3RFFZSgpLb1pJaHZjTkFRRUxCUUFEZ2dHQkFJKzFyU3Nkd3p2eVVHM2l5aGx5eS9aTkR3cDBiVnQvQ2tDYUI0VytXdjErCnlzc3REUDRZTDZQRGlib3hadnJKQ0h5QTNWNjlScWZ2TXArWmdRb05nUnI5N3lhaSsyN3lsR0UvNFN2NlhIUmIKQ2F4ZFpJVnlPNTlqakV4dkQ3QXVTbno3bWFjSjRkL3Vja3FUcTE5bUtjTzNzL3psSDBUMTQwcXF0SlRaSUNBdwpsQXlwVHdZcHpSRkxNZjUzUVNuc1FrbmtmMW9ZT2hYZlVRTzQvNzVlRnFNYTIxN0xqVWdDWkVyVEt1WUFqTVJMCno2d1Y5ZkR1cjZ2a1JicjFDMmJFUkh5YlYrY1Y3czhNU2hnVHcwNGRuZEQrN1licTJpQm1hM1IzV0VOQnpmNnAKTE5yU0Z3V3BGQ3RLdWpyU0VIRjFZTmdUVWdJNnI2b0t4T0xNd0x4cFQ5cU9MWGhBVWJReC8xc21iWmNLRmdQcApWUWVwUEhJRlZBdnNPdGNCQ2YxVkZwZm8vTWtRMEUzVWFJQVJxTkk0TUNtdmlrQ1huc2FVdm5QcGpCM3FWWk85ClpRSWxGZi8wTlZLVE5EcmNGSmdkeUowamhWVGZMR2V4dUc3c2ZHdUsyUjFVUE9tL2dSSFpxeWZFUmh6WnV4RjgKdS8weWg1NEVZSUZEdEE1aDUrOTczUT09Ci0tLS0tRU5EIENFUlRJRklDQVRFLS0tLS0K"
              }
            ],
            "master_authorized_networks_config": [
              {
                "cidr_blocks": [
                  {
                    "cidr_block": "10.1.0.0/18",
                    "display_name": "management-subnet-cidr"
                  }
                ],
                "gcp_public_cidrs_access_enabled": false
              }
            ],
            "master_version": "1.24.8-gke.2000",
            "mesh_certificates": [],
            "min_master_version": null,
            "monitoring_config": [
              {
                "enable_components": [
                  "SYSTEM_COMPONENTS"
                ],
                "managed_prometheus": []
              }
            ],
            "monitoring_service": "monitoring.googleapis.com/kubernetes",
            "name": "terraform-private-cluster",
            "network": "projects/warm-pixel-375711/global/networks/terraform-vpc",
            "network_policy": [
              {
                "enabled": false,
                "provider": "PROVIDER_UNSPECIFIED"
              }
            ],
            "networking_mode": "VPC_NATIVE",
            "node_config": [
              {
                "boot_disk_kms_key": "",
                "disk_size_gb": 100,
                "disk_type": "pd-balanced",
                "gcfs_config": [],
                "guest_accelerator": [],
                "gvnic": [],
                "image_type": "COS_CONTAINERD",
                "kubelet_config": [],
                "labels": {},
                "linux_node_config": [],
                "local_ssd_count": 0,
                "logging_variant": "DEFAULT",
                "machine_type": "e2-small",
                "metadata": {
                  "disable-legacy-endpoints": "true"
                },
                "min_cpu_platform": "",
                "node_group": "",
                "oauth_scopes": [
                  "https://www.googleapis.com/auth/cloud-platform"
                ],
                "preemptible": true,
                "reservation_affinity": [],
                "resource_labels": {},
                "service_account": "default",
                "shielded_instance_config": [
                  {
                    "enable_integrity_monitoring": true,
                    "enable_secure_boot": false
                  }
                ],
                "spot": false,
                "tags": [],
                "taint": [],
                "workload_metadata_config": []
              }
            ],
            "node_locations": [],
            "node_pool": [
              {
                "autoscaling": [],
                "initial_node_count": 1,
                "instance_group_urls": [
                  "https://www.googleapis.com/compute/v1/projects/warm-pixel-375711/zones/us-central1-a/instanceGroupManagers/gke-terraform-private-clust-node-pool-a182f9dc-grp"
                ],
                "managed_instance_group_urls": [
                  "https://www.googleapis.com/compute/v1/projects/warm-pixel-375711/zones/us-central1-a/instanceGroups/gke-terraform-private-clust-node-pool-a182f9dc-grp"
                ],
                "management": [
                  {
                    "auto_repair": true,
                    "auto_upgrade": true
                  }
                ],
                "max_pods_per_node": 110,
                "name": "node-pool",
                "name_prefix": "",
                "network_config": [
                  {
                    "create_pod_range": false,
                    "enable_private_nodes": false,
                    "pod_ipv4_cidr_block": "10.48.0.0/14",
                    "pod_range": "k8s-pod-range"
                  }
                ],
                "node_config": [
                  {
                    "boot_disk_kms_key": "",
                    "disk_size_gb": 100,
                    "disk_type": "pd-balanced",
                    "gcfs_config": [],
                    "guest_accelerator": [],
                    "gvnic": [],
                    "image_type": "COS_CONTAINERD",
                    "kubelet_config": [],
                    "labels": {},
                    "linux_node_config": [],
                    "local_ssd_count": 0,
                    "logging_variant": "DEFAULT",
                    "machine_type": "e2-small",
                    "metadata": {
                      "disable-legacy-endpoints": "true"
                    },
                    "min_cpu_platform": "",
                    "node_group": "",
                    "oauth_scopes": [
                      "https://www.googleapis.com/auth/cloud-platform"
                    ],
                    "preemptible": true,
                    "reservation_affinity": [],
                    "resource_labels": {},
                    "service_account": "default",
                    "shielded_instance_config": [
                      {
                        "enable_integrity_monitoring": true,
                        "enable_secure_boot": false
                      }
                    ],
                    "spot": false,
                    "tags": [],
                    "taint": [],
                    "workload_metadata_config": []
                  }
                ],
                "node_count": 1,
                "node_locations": [
                  "us-central1-a"
                ],
                "placement_policy": [],
                "upgrade_settings": [
                  {
                    "blue_green_settings": [],
                    "max_surge": 1,
                    "max_unavailable": 0,
                    "strategy": "SURGE"
                  }
                ],
                "version": "1.24.8-gke.2000"
              }
            ],
            "node_pool_defaults": [
              {
                "node_config_defaults": [
                  {
                    "logging_variant": "DEFAULT"
                  }
                ]
              }
            ],
            "node_version": "1.24.8-gke.2000",
            "notification_config": [
              {
                "pubsub": [
                  {
                    "enabled": false,
                    "filter": [],
                    "topic": ""
                  }
                ]
              }
            ],
            "operation": null,
            "private_cluster_config": [
              {
                "enable_private_endpoint": true,
                "enable_private_nodes": true,
                "master_global_access_config": [
                  {
                    "enabled": false
                  }
                ],
                "master_ipv4_cidr_block": "172.16.0.0/28",
                "peering_name": "gke-n9cfaa47bb6b19eb4125-1de3-55de-peer",
                "private_endpoint": "172.16.0.2",
                "private_endpoint_subnetwork": "",
                "public_endpoint": "34.70.47.232"
              }
            ],
            "private_ipv6_google_access": "",
            "project": "warm-pixel-375711",
            "release_channel": [
              {
                "channel": "REGULAR"
              }
            ],
            "remove_default_node_pool": true,
            "resource_labels": {},
            "resource_usage_export_config": [],
            "self_link": "https://container.googleapis.com/v1/projects/warm-pixel-375711/zones/us-central1-a/clusters/terraform-private-cluster",
            "service_external_ips_config": [
              {
                "enabled": false
              }
            ],
            "services_ipv4_cidr": "10.52.0.0/20",
            "subnetwork": "projects/warm-pixel-375711/regions/us-central1/subnetworks/restricted-subnet",
            "timeouts": null,
            "tpu_ipv4_cidr_block": "",
            "vertical_pod_autoscaling": [],
            "workload_identity_config": []
          },
          "sensitive_attributes": [],
          "private": "eyJlMmJmYjczMC1lY2FhLTExZTYtOGY4OC0zNDM2M2JjN2M0YzAiOnsiY3JlYXRlIjoyNDAwMDAwMDAwMDAwLCJkZWxldGUiOjI0MDAwMDAwMDAwMDAsInJlYWQiOjI0MDAwMDAwMDAwMDAsInVwZGF0ZSI6MzYwMDAwMDAwMDAwMH0sInNjaGVtYV92ZXJzaW9uIjoiMSJ9",
          "dependencies": [
            "google_compute_network.vpc",
            "google_compute_subnetwork.restricted-subnet"
          ]
        }
      ]
    }
  ]
}
